
Microsoft Visual Studio Solution File, Format Version 12.00
# Visual Studio Version 16
VisualStudioVersion = 16.0.31727.386
MinimumVisualStudioVersion = 10.0.40219.1
Project("{FAE04EC0-301F-11D3-BF4B-00C04F79EFBC}") = "BlockingCollection", "BlockingCollection\BlockingCollection.csproj", "{E6361307-4ADC-4096-A6D3-B558C9F53DB9}"
EndProject
Global
	GlobalSection(SolutionConfigurationPlatforms) = preSolution
		Debug|Any CPU = Debug|Any CPU
		Release|Any CPU = Release|Any CPU
	EndGlobalSection
	GlobalSection(ProjectConfigurationPlatforms) = postSolution
		{E6361307-4ADC-4096-A6D3-B558C9F53DB9}.Debug|Any CPU.ActiveCfg = Debug|Any CPU
		{E6361307-4ADC-4096-A6D3-B558C9F53DB9}.Debug|Any CPU.Build.0 = Debug|Any CPU
		{E6361307-4ADC-4096-A6D3-B558C9F53DB9}.Release|Any CPU.ActiveCfg = Release|Any CPU
		{E6361307-4ADC-4096-A6D3-B558C9F53DB9}.Release|Any CPU.Build.0 = Release|Any CPU
	EndGlobalSection
	GlobalSection(SolutionProperties) = preSolution
		HideSolutionNode = FALSE
	EndGlobalSection
	GlobalSection(ExtensibilityGlobals) = postSolution
		SolutionGuid = {3C10D404-89B1-41DE-AE83-E4A484CB44AC}
	EndGlobalSection
EndGlobal
